{
  "requires": true,
  "lockfileVersion": 1,
  "dependencies": {
    "fast-safe-stringify": {
      "version": "2.0.7",
      "resolved": "https://registry.npmjs.org/fast-safe-stringify/-/fast-safe-stringify-2.0.7.tgz",
      "integrity": "sha512-Utm6CdzT+6xsDk2m8S6uL8VHxNwI6Jub+e9NYTcAms28T84pTa25GJQV9j0CY0N1rM8hK4x6grpF2BQf+2qwVA=="
    },
    "lambda-log": {
      "version": "2.3.1",
      "resolved": "https://registry.npmjs.org/lambda-log/-/lambda-log-2.3.1.tgz",
      "integrity": "sha512-wJE7mD3Pj+rK7CcZC8hK5wU8kOOenbHMOt0zPnojoX7tLaT+Z592nxCyy1R4Tp8Xt8mMAjbkJqNeoX8knyHyxQ==",
      "requires": {
        "fast-safe-stringify": "^2.0.6"
      }
    }
  }
}
